{
  "name": "mcrevproxy",
  "version": "0.3.0",
  "lockfileVersion": 1,
  "requires": true,
  "dependencies": {
    "@types/node": {
      "version": "11.13.19",
      "resolved": "https://registry.npmjs.org/@types/node/-/node-11.13.19.tgz",
      "integrity": "sha512-tLRDU1hmcWamtgRT2iVRdraAQVGFQGgtcqracSo9XyMN1VeZLSVGb8RJJxVqab7UGbijoUijGPVFMjmqzyZIUw==",
      "dev": true
    },
    "mcproto": {
      "version": "0.7.3",
      "resolved": "https://registry.npmjs.org/mcproto/-/mcproto-0.7.3.tgz",
      "integrity": "sha512-UOFKtxgsmXuuTL+VCZV7v3yELCxb4CeC8ua7ELq9biyzx52hj2rJlTcrYG0pQLhpOO/qRrsfjhhpY6i/IKbjKQ==",
      "requires": {
        "node-fetch": "^2.6.0"
      }
    },
    "node-fetch": {
      "version": "2.6.0",
      "resolved": "https://registry.npmjs.org/node-fetch/-/node-fetch-2.6.0.tgz",
      "integrity": "sha512-8dG4H5ujfvFiqDmVu9fQ5bOHUC15JMjMY/Zumv26oOvvVJjM67KF8koCWIabKQ1GJIa9r2mMZscBq/TbdOcmNA=="
    },
    "typescript": {
      "version": "3.5.3",
      "resolved": "https://registry.npmjs.org/typescript/-/typescript-3.5.3.tgz",
      "integrity": "sha512-ACzBtm/PhXBDId6a6sDJfroT2pOWt/oOnk4/dElG5G33ZL776N3Y6/6bKZJBFpd+b05F3Ct9qDjMeJmRWtE2/g==",
      "dev": true
    }
  }
}
