{
  "name": "mcrevproxy",
  "version": "0.3.4",
  "lockfileVersion": 1,
  "requires": true,
  "dependencies": {
    "@types/node": {
      "version": "12.12.35",
      "resolved": "https://registry.npmjs.org/@types/node/-/node-12.12.35.tgz",
      "integrity": "sha512-ASYsaKecA7TUsDrqIGPNk3JeEox0z/0XR/WsJJ8BIX/9+SkMSImQXKWfU/yBrSyc7ZSE/NPqLu36Nur0miCFfQ==",
      "dev": true
    },
    "mcproto": {
      "version": "0.7.13",
      "resolved": "https://registry.npmjs.org/mcproto/-/mcproto-0.7.13.tgz",
      "integrity": "sha512-iF3FbcZcMkztGilrbIcd2N0KisNnAwEGy+Z620dcILs13gjLaRCAIhwFSD2CcMnDR09/muOS86LGxoLr/vpUXA==",
      "requires": {
        "node-fetch": "^2.6.0"
      }
    },
    "node-fetch": {
      "version": "2.6.1",
      "resolved": "https://registry.npmjs.org/node-fetch/-/node-fetch-2.6.1.tgz",
      "integrity": "sha512-V4aYg89jEoVRxRb2fJdAg8FHvI7cEyYdVAh94HH0UIK8oJxUfkjlDQN9RbMx+bEjP7+ggMiFRprSti032Oipxw=="
    },
    "typescript": {
      "version": "3.8.3",
      "resolved": "https://registry.npmjs.org/typescript/-/typescript-3.8.3.tgz",
      "integrity": "sha512-MYlEfn5VrLNsgudQTVJeNaQFUAI7DkhnOjdpAp4T+ku1TfQClewlbSuTVHiA+8skNBgaf02TL/kLOvig4y3G8w==",
      "dev": true
    }
  }
}
